dependencies:
  '@ndn/llface': 'link:../llface'
devDependencies:
  '@ndn/l3pkt': 'link:../l3pkt'
  remote-controlled-promise: 0.0.4
lockfileVersion: 5.1
packages:
  /@types/node/10.14.18:
    dev: true
    resolution:
      integrity: sha512-ryO3Q3++yZC/+b8j8BdKd/dn9JlzlHBPdm80656xwYUdmPkpTGTjkAdt6BByiNupGPE8w0FhBgvYy/fX9hRNGQ==
  /remote-controlled-promise/0.0.4:
    dependencies:
      '@types/node': 10.14.18
      tslib: 1.10.0
    dev: true
    engines:
      node: '>= 8.9.0'
    resolution:
      integrity: sha512-W7bYnBI034KWmaxEerPxuUcrvnC4RX7H42vNH5aXIAObwwEX7gEsbL9wbCZxMUsCJDGDd3CiQFSyjZkw3xsnDw==
  /tslib/1.10.0:
    dev: true
    resolution:
      integrity: sha512-qOebF53frne81cf0S9B41ByenJ3/IuH8yJKngAX35CmiZySA0khhkovshKK+jGCaMnVomla7gVlIcc3EvKPbTQ==
specifiers:
  '@ndn/l3pkt': 'file:../l3pkt'
  '@ndn/llface': 'file:../llface'
  remote-controlled-promise: ^0.0.4
