dependencies:
  printf: 0.5.2
devDependencies:
  '@types/printf': 0.2.1
lockfileVersion: 5.1
packages:
  /@types/node/12.7.5:
    dev: true
    resolution:
      integrity: sha512-9fq4jZVhPNW8r+UYKnxF1e2HkDWOWKM5bC2/7c9wPV835I0aOrVbS/Hw/pWPk2uKrNXQqg9Z959Kz+IYDd5p3w==
  /@types/printf/0.2.1:
    dependencies:
      '@types/node': 12.7.5
    dev: true
    resolution:
      integrity: sha512-NOwxJwi4sZ9tdFgD7aucc9T9XLgCdCOiRZ6owMBoPfX0I+qVykXktvshWKD04GV8GrFvwC63Gn/AOKXINr/9cg==
  /printf/0.5.2:
    dev: false
    engines:
      node: '>= 0.9.0'
    resolution:
      integrity: sha512-Hn0UuWqTRd94HiCJoiCNGZTnSyXJdIF3t4/4I293hezIzyH4pQ3ai4TlH/SmRCiMvR5aNMxSYWshjQWWW6J8MQ==
specifiers:
  '@types/printf': ^0.2.1
  printf: ^0.5.2
