dependencies:
  '@ndn/llface': 'link:../llface'
  websocket-stream: 5.5.0
devDependencies:
  '@ndn/l3pkt': 'link:../l3pkt'
  '@types/readable-stream': 2.3.4
  '@types/ws': 5.1.2
  remote-controlled-promise: 0.0.4
lockfileVersion: 5.1
packages:
  /@types/events/3.0.0:
    dev: true
    resolution:
      integrity: sha512-EaObqwIvayI5a8dCzhFrjKzVwKLxjoG9T6Ppd5CEo07LRKfQ8Yokw54r5+Wq7FaBQ+yXRvQAYPrHwya1/UFt9g==
  /@types/node/10.14.18:
    dev: true
    resolution:
      integrity: sha512-ryO3Q3++yZC/+b8j8BdKd/dn9JlzlHBPdm80656xwYUdmPkpTGTjkAdt6BByiNupGPE8w0FhBgvYy/fX9hRNGQ==
  /@types/node/12.7.5:
    dev: true
    resolution:
      integrity: sha512-9fq4jZVhPNW8r+UYKnxF1e2HkDWOWKM5bC2/7c9wPV835I0aOrVbS/Hw/pWPk2uKrNXQqg9Z959Kz+IYDd5p3w==
  /@types/readable-stream/2.3.4:
    dependencies:
      '@types/node': 12.7.5
      safe-buffer: 5.2.0
    dev: true
    resolution:
      integrity: sha512-jC39XMh0smGWINz7Dmbll9FkToRTDE4lneo0Kn3101xSsCQBdMW9QyU/lw+nc/QaiPXvBsGfETQ1O9QZBddGCg==
  /@types/ws/5.1.2:
    dependencies:
      '@types/events': 3.0.0
      '@types/node': 12.7.5
    dev: true
    resolution:
      integrity: sha512-NkTXUKTYdXdnPE2aUUbGOXE1XfMK527SCvU/9bj86kyFF6kZ9ZnOQ3mK5jADn98Y2vEUD/7wKDgZa7Qst2wYOg==
  /async-limiter/1.0.1:
    dev: false
    resolution:
      integrity: sha512-csOlWGAcRFJaI6m+F2WKdnMKr4HhdhFVBk0H/QbJFMCr+uO2kwohwXQPxw/9OCxp05r5ghVBFSyioixx3gfkNQ==
  /core-util-is/1.0.2:
    dev: false
    resolution:
      integrity: sha1-tf1UIgqivFq1eqtxQMlAdUUDwac=
  /duplexify/3.7.1:
    dependencies:
      end-of-stream: 1.4.1
      inherits: 2.0.4
      readable-stream: 2.3.6
      stream-shift: 1.0.0
    dev: false
    resolution:
      integrity: sha512-07z8uv2wMyS51kKhD1KsdXJg5WQ6t93RneqRxUHnskXVtlYYkLqM0gqStQZ3pj073g687jPCHrqNfCzawLYh5g==
  /end-of-stream/1.4.1:
    dependencies:
      once: 1.4.0
    dev: false
    resolution:
      integrity: sha512-1MkrZNvWTKCaigbn+W15elq2BB/L22nqrSY5DKlo3X6+vclJm8Bb5djXJBmEX6fS3+zCh/F4VBK5Z2KxJt4s2Q==
  /inherits/2.0.4:
    dev: false
    resolution:
      integrity: sha512-k/vGaX4/Yla3WzyMCvTQOXYeIHvqOKtnqBduzTHpzpQZzAskKMhZ2K+EnBiSM9zGSoIFeMpXKxa4dYeZIQqewQ==
  /isarray/1.0.0:
    dev: false
    resolution:
      integrity: sha1-u5NdSFgsuhaMBoNJV6VKPgcSTxE=
  /once/1.4.0:
    dependencies:
      wrappy: 1.0.2
    dev: false
    resolution:
      integrity: sha1-WDsap3WWHUsROsF9nFC6753Xa9E=
  /process-nextick-args/2.0.1:
    dev: false
    resolution:
      integrity: sha512-3ouUOpQhtgrbOa17J7+uxOTpITYWaGP7/AhoR3+A+/1e9skrzelGi/dXzEYyvbxubEF6Wn2ypscTKiKJFFn1ag==
  /readable-stream/2.3.6:
    dependencies:
      core-util-is: 1.0.2
      inherits: 2.0.4
      isarray: 1.0.0
      process-nextick-args: 2.0.1
      safe-buffer: 5.1.2
      string_decoder: 1.1.1
      util-deprecate: 1.0.2
    dev: false
    resolution:
      integrity: sha512-tQtKA9WIAhBF3+VLAseyMqZeBjW0AHJoxOtYqSUZNJxauErmLbVm2FW1y+J/YA9dUrAC39ITejlZWhVIwawkKw==
  /remote-controlled-promise/0.0.4:
    dependencies:
      '@types/node': 10.14.18
      tslib: 1.10.0
    dev: true
    engines:
      node: '>= 8.9.0'
    resolution:
      integrity: sha512-W7bYnBI034KWmaxEerPxuUcrvnC4RX7H42vNH5aXIAObwwEX7gEsbL9wbCZxMUsCJDGDd3CiQFSyjZkw3xsnDw==
  /safe-buffer/5.1.2:
    dev: false
    resolution:
      integrity: sha512-Gd2UZBJDkXlY7GbJxfsE8/nvKkUEU1G38c1siN6QP6a9PT9MmHB8GnpscSmMJSoF8LOIrt8ud/wPtojys4G6+g==
  /safe-buffer/5.2.0:
    resolution:
      integrity: sha512-fZEwUGbVl7kouZs1jCdMLdt95hdIv0ZeHg6L7qPeciMZhZ+/gdesW4wgTARkrFWEpspjEATAzUGPG8N2jJiwbg==
  /stream-shift/1.0.0:
    dev: false
    resolution:
      integrity: sha1-1cdSgl5TZ+eG944Y5EXqIjoVWVI=
  /string_decoder/1.1.1:
    dependencies:
      safe-buffer: 5.1.2
    dev: false
    resolution:
      integrity: sha512-n/ShnvDi6FHbbVfviro+WojiFzv+s8MPMHBczVePfUpDJLwoLT0ht1l4YwBCbi8pJAveEEdnkHyPyTP/mzRfwg==
  /tslib/1.10.0:
    dev: true
    resolution:
      integrity: sha512-qOebF53frne81cf0S9B41ByenJ3/IuH8yJKngAX35CmiZySA0khhkovshKK+jGCaMnVomla7gVlIcc3EvKPbTQ==
  /ultron/1.1.1:
    dev: false
    resolution:
      integrity: sha512-UIEXBNeYmKptWH6z8ZnqTeS8fV74zG0/eRU9VGkpzz+LIJNs8W/zM/L+7ctCkRrgbNnnR0xxw4bKOr0cW0N0Og==
  /util-deprecate/1.0.2:
    dev: false
    resolution:
      integrity: sha1-RQ1Nyfpw3nMnYvvS1KKJgUGaDM8=
  /websocket-stream/5.5.0:
    dependencies:
      duplexify: 3.7.1
      inherits: 2.0.4
      readable-stream: 2.3.6
      safe-buffer: 5.2.0
      ws: 3.3.3
      xtend: 4.0.2
    dev: false
    resolution:
      integrity: sha512-EXy/zXb9kNHI07TIMz1oIUIrPZxQRA8aeJ5XYg5ihV8K4kD1DuA+FY6R96HfdIHzlSzS8HiISAfrm+vVQkZBug==
  /wrappy/1.0.2:
    dev: false
    resolution:
      integrity: sha1-tSQ9jz7BqjXxNkYFvA0QNuMKtp8=
  /ws/3.3.3:
    dependencies:
      async-limiter: 1.0.1
      safe-buffer: 5.1.2
      ultron: 1.1.1
    dev: false
    resolution:
      integrity: sha512-nnWLa/NwZSt4KQJu51MYlCcSQ5g7INpOrOMt4XV8j4dqTXdmlUmSHQ8/oLC069ckre0fRsgfvsKwbTdtKLCDkA==
  /xtend/4.0.2:
    dev: false
    engines:
      node: '>=0.4'
    resolution:
      integrity: sha512-LKYU1iAXJXUgAXn9URjiu+MWhyUXHsvfp7mcuYm9dSUKK0/CjtrUwFAxD82/mCWbtLsGjFIad0wIsod4zrTAEQ==
specifiers:
  '@ndn/l3pkt': 'file:../l3pkt'
  '@ndn/llface': 'file:../llface'
  '@types/readable-stream': ^2.3.4
  '@types/ws': ^5.1.0
  remote-controlled-promise: ^0.0.4
  websocket-stream: ^5.5.0
